
Microsoft Visual Studio Solution File, Format Version 12.00
# Visual Studio Version 17
VisualStudioVersion = 17.9.34607.119
MinimumVisualStudioVersion = 10.0.40219.1
Project("{FAE04EC0-301F-11D3-BF4B-00C04F79EFBC}") = "BlazorSignalRApp", "BlazorSignalRApp\BlazorSignalRApp.csproj", "{B81AD036-24BD-4A6B-81BE-A04BCF321EFD}"
EndProject
Global
	GlobalSection(SolutionConfigurationPlatforms) = preSolution
		Debug|Any CPU = Debug|Any CPU
		Release|Any CPU = Release|Any CPU
	EndGlobalSection
	GlobalSection(ProjectConfigurationPlatforms) = postSolution
		{B81AD036-24BD-4A6B-81BE-A04BCF321EFD}.Debug|Any CPU.ActiveCfg = Debug|Any CPU
		{B81AD036-24BD-4A6B-81BE-A04BCF321EFD}.Debug|Any CPU.Build.0 = Debug|Any CPU
		{B81AD036-24BD-4A6B-81BE-A04BCF321EFD}.Release|Any CPU.ActiveCfg = Release|Any CPU
		{B81AD036-24BD-4A6B-81BE-A04BCF321EFD}.Release|Any CPU.Build.0 = Release|Any CPU
	EndGlobalSection
	GlobalSection(SolutionProperties) = preSolution
		HideSolutionNode = FALSE
	EndGlobalSection
	GlobalSection(ExtensibilityGlobals) = postSolution
		SolutionGuid = {BBB2D0ED-8D4A-4CB0-8A6C-8F805CE33166}
	EndGlobalSection
EndGlobal
